
Microsoft Visual Studio Solution File, Format Version 12.00
# Visual Studio Version 16
VisualStudioVersion = 16.0.31321.278
MinimumVisualStudioVersion = 10.0.40219.1
Project("{FAE04EC0-301F-11D3-BF4B-00C04F79EFBC}") = "POO", "POO\POO.csproj", "{3FE8F88F-25C4-40D7-94A9-E94BD946BFFB}"
EndProject
Project("{FAE04EC0-301F-11D3-BF4B-00C04F79EFBC}") = "Entidades", "Entidades\Entidades.csproj", "{909F7E62-4B5D-43AE-9F7F-FC2D39388B41}"
EndProject
Project("{FAE04EC0-301F-11D3-BF4B-00C04F79EFBC}") = "SiteMayoristaEstrella", "SiteMayoristaEstrella\SiteMayoristaEstrella.csproj", "{2A30F1A7-9B23-485E-9D0C-85BBFDFD08C9}"
EndProject
Project("{FAE04EC0-301F-11D3-BF4B-00C04F79EFBC}") = "DAL", "DAL\DAL.csproj", "{3EF82F76-779F-4393-8496-A7941F40F738}"
EndProject
Project("{FAE04EC0-301F-11D3-BF4B-00C04F79EFBC}") = "Bussiness", "Bussiness\Bussiness.csproj", "{AA16E755-8ACD-4B0A-82FE-D3F4BBE0BB28}"
EndProject
Project("{FAE04EC0-301F-11D3-BF4B-00C04F79EFBC}") = "ObjetosDeNegocio", "ObjetosDeNegocio\ObjetosDeNegocio.csproj", "{9FCA13A3-8755-4F23-BA4F-2D88BE2DBFE0}"
EndProject
Global
	GlobalSection(SolutionConfigurationPlatforms) = preSolution
		Debug|Any CPU = Debug|Any CPU
		Release|Any CPU = Release|Any CPU
	EndGlobalSection
	GlobalSection(ProjectConfigurationPlatforms) = postSolution
		{3FE8F88F-25C4-40D7-94A9-E94BD946BFFB}.Debug|Any CPU.ActiveCfg = Debug|Any CPU
		{3FE8F88F-25C4-40D7-94A9-E94BD946BFFB}.Debug|Any CPU.Build.0 = Debug|Any CPU
		{3FE8F88F-25C4-40D7-94A9-E94BD946BFFB}.Release|Any CPU.ActiveCfg = Release|Any CPU
		{3FE8F88F-25C4-40D7-94A9-E94BD946BFFB}.Release|Any CPU.Build.0 = Release|Any CPU
		{909F7E62-4B5D-43AE-9F7F-FC2D39388B41}.Debug|Any CPU.ActiveCfg = Debug|Any CPU
		{909F7E62-4B5D-43AE-9F7F-FC2D39388B41}.Debug|Any CPU.Build.0 = Debug|Any CPU
		{909F7E62-4B5D-43AE-9F7F-FC2D39388B41}.Release|Any CPU.ActiveCfg = Release|Any CPU
		{909F7E62-4B5D-43AE-9F7F-FC2D39388B41}.Release|Any CPU.Build.0 = Release|Any CPU
		{2A30F1A7-9B23-485E-9D0C-85BBFDFD08C9}.Debug|Any CPU.ActiveCfg = Debug|Any CPU
		{2A30F1A7-9B23-485E-9D0C-85BBFDFD08C9}.Debug|Any CPU.Build.0 = Debug|Any CPU
		{2A30F1A7-9B23-485E-9D0C-85BBFDFD08C9}.Release|Any CPU.ActiveCfg = Release|Any CPU
		{2A30F1A7-9B23-485E-9D0C-85BBFDFD08C9}.Release|Any CPU.Build.0 = Release|Any CPU
		{3EF82F76-779F-4393-8496-A7941F40F738}.Debug|Any CPU.ActiveCfg = Debug|Any CPU
		{3EF82F76-779F-4393-8496-A7941F40F738}.Debug|Any CPU.Build.0 = Debug|Any CPU
		{3EF82F76-779F-4393-8496-A7941F40F738}.Release|Any CPU.ActiveCfg = Release|Any CPU
		{3EF82F76-779F-4393-8496-A7941F40F738}.Release|Any CPU.Build.0 = Release|Any CPU
		{AA16E755-8ACD-4B0A-82FE-D3F4BBE0BB28}.Debug|Any CPU.ActiveCfg = Debug|Any CPU
		{AA16E755-8ACD-4B0A-82FE-D3F4BBE0BB28}.Debug|Any CPU.Build.0 = Debug|Any CPU
		{AA16E755-8ACD-4B0A-82FE-D3F4BBE0BB28}.Release|Any CPU.ActiveCfg = Release|Any CPU
		{AA16E755-8ACD-4B0A-82FE-D3F4BBE0BB28}.Release|Any CPU.Build.0 = Release|Any CPU
		{9FCA13A3-8755-4F23-BA4F-2D88BE2DBFE0}.Debug|Any CPU.ActiveCfg = Debug|Any CPU
		{9FCA13A3-8755-4F23-BA4F-2D88BE2DBFE0}.Debug|Any CPU.Build.0 = Debug|Any CPU
		{9FCA13A3-8755-4F23-BA4F-2D88BE2DBFE0}.Release|Any CPU.ActiveCfg = Release|Any CPU
		{9FCA13A3-8755-4F23-BA4F-2D88BE2DBFE0}.Release|Any CPU.Build.0 = Release|Any CPU
	EndGlobalSection
	GlobalSection(SolutionProperties) = preSolution
		HideSolutionNode = FALSE
	EndGlobalSection
	GlobalSection(ExtensibilityGlobals) = postSolution
		SolutionGuid = {5E88D0BA-8F99-49B9-9B55-296B801B0FCC}
	EndGlobalSection
EndGlobal
